
Microsoft Visual Studio Solution File, Format Version 12.00
# Visual Studio Version 17
VisualStudioVersion = 17.10.35201.131
MinimumVisualStudioVersion = 10.0.40219.1
Project("{9A19103F-16F7-4668-BE54-9A1E7A4F7556}") = "TheIsland.Website", "TheIsland.Website\TheIsland.Website.csproj", "{E2BC0B81-C793-4066-913D-B42BCFD67AE2}"
EndProject
Project("{9A19103F-16F7-4668-BE54-9A1E7A4F7556}") = "TheIsland.Core", "TheIsland.Core\TheIsland.Core.csproj", "{E7C5F5D2-2C7B-42FC-8F13-C8C776E6DFF9}"
EndProject
Project("{9A19103F-16F7-4668-BE54-9A1E7A4F7556}") = "TheIsland.DiscordBot", "TheIsland.DiscordBot\TheIsland.DiscordBot.csproj", "{3CD2D2BE-7B79-47D8-933D-9890E4F4C861}"
EndProject
Project("{2150E333-8FDC-42A3-9474-1A3956D46DE8}") = "Solution Items", "Solution Items", "{1AA1EF59-996B-48B2-A9E2-5E55B2E76EAB}"
	ProjectSection(SolutionItems) = preProject
		.editorconfig = .editorconfig
	EndProjectSection
EndProject
Global
	GlobalSection(SolutionConfigurationPlatforms) = preSolution
		Debug|Any CPU = Debug|Any CPU
		Release|Any CPU = Release|Any CPU
	EndGlobalSection
	GlobalSection(ProjectConfigurationPlatforms) = postSolution
		{E2BC0B81-C793-4066-913D-B42BCFD67AE2}.Debug|Any CPU.ActiveCfg = Debug|Any CPU
		{E2BC0B81-C793-4066-913D-B42BCFD67AE2}.Debug|Any CPU.Build.0 = Debug|Any CPU
		{E2BC0B81-C793-4066-913D-B42BCFD67AE2}.Release|Any CPU.ActiveCfg = Release|Any CPU
		{E2BC0B81-C793-4066-913D-B42BCFD67AE2}.Release|Any CPU.Build.0 = Release|Any CPU
		{E7C5F5D2-2C7B-42FC-8F13-C8C776E6DFF9}.Debug|Any CPU.ActiveCfg = Debug|Any CPU
		{E7C5F5D2-2C7B-42FC-8F13-C8C776E6DFF9}.Debug|Any CPU.Build.0 = Debug|Any CPU
		{E7C5F5D2-2C7B-42FC-8F13-C8C776E6DFF9}.Release|Any CPU.ActiveCfg = Release|Any CPU
		{E7C5F5D2-2C7B-42FC-8F13-C8C776E6DFF9}.Release|Any CPU.Build.0 = Release|Any CPU
		{3CD2D2BE-7B79-47D8-933D-9890E4F4C861}.Debug|Any CPU.ActiveCfg = Debug|Any CPU
		{3CD2D2BE-7B79-47D8-933D-9890E4F4C861}.Debug|Any CPU.Build.0 = Debug|Any CPU
		{3CD2D2BE-7B79-47D8-933D-9890E4F4C861}.Release|Any CPU.ActiveCfg = Release|Any CPU
		{3CD2D2BE-7B79-47D8-933D-9890E4F4C861}.Release|Any CPU.Build.0 = Release|Any CPU
	EndGlobalSection
	GlobalSection(SolutionProperties) = preSolution
		HideSolutionNode = FALSE
	EndGlobalSection
	GlobalSection(ExtensibilityGlobals) = postSolution
		SolutionGuid = {88279F31-9F19-42F0-B0B5-D931D8890D1D}
	EndGlobalSection
EndGlobal
