
Microsoft Visual Studio Solution File, Format Version 12.00
# Visual Studio Version 17
VisualStudioVersion = 17.10.35201.131
MinimumVisualStudioVersion = 10.0.40219.1
Project("{2150E333-8FDC-42A3-9474-1A3956D46DE8}") = "Solution Items", "Solution Items", "{1AA1EF59-996B-48B2-A9E2-5E55B2E76EAB}"
	ProjectSection(SolutionItems) = preProject
		.dockerignore = .dockerignore
		.editorconfig = .editorconfig
		.gitignore = .gitignore
		.prettierrc = .prettierrc
		Dockerfile = Dockerfile
	EndProjectSection
EndProject
Project("{2150E333-8FDC-42A3-9474-1A3956D46DE8}") = "src", "src", "{F691A8FA-85F8-4259-8F97-6122B6B3FD89}"
EndProject
Project("{FAE04EC0-301F-11D3-BF4B-00C04F79EFBC}") = "TheIsland.BlueprintChecker", "src\TheIsland.BlueprintChecker\TheIsland.BlueprintChecker.csproj", "{6109AC96-2A4D-4AEA-B91C-98AD1BE460B7}"
EndProject
Project("{FAE04EC0-301F-11D3-BF4B-00C04F79EFBC}") = "TheIsland.Core", "src\TheIsland.Core\TheIsland.Core.csproj", "{AFB0CFC6-322D-4869-BF2F-85EFDCD21CA6}"
EndProject
Project("{FAE04EC0-301F-11D3-BF4B-00C04F79EFBC}") = "TheIsland.Data", "src\TheIsland.Data\TheIsland.Data.csproj", "{D4B2D2FA-5E63-4552-9ADF-E4DCF5A6BFB0}"
EndProject
Project("{FAE04EC0-301F-11D3-BF4B-00C04F79EFBC}") = "TheIsland.Data.PostgreSQL", "src\TheIsland.Data.PostgreSQL\TheIsland.Data.PostgreSQL.csproj", "{C4929600-1175-4018-AA51-B89E1BA1A1FF}"
EndProject
Project("{FAE04EC0-301F-11D3-BF4B-00C04F79EFBC}") = "TheIsland.Framework", "src\TheIsland.Framework\TheIsland.Framework.csproj", "{AAA18965-BF96-48E7-9BD4-C6CCDD58158A}"
EndProject
Project("{FAE04EC0-301F-11D3-BF4B-00C04F79EFBC}") = "TheIsland.Website", "src\TheIsland.Website\TheIsland.Website.csproj", "{EE8C6755-383A-419C-88CB-B5213D22CA0A}"
EndProject
Project("{2150E333-8FDC-42A3-9474-1A3956D46DE8}") = "tests", "tests", "{1CEA582F-6727-46A2-85C1-87B70D79F371}"
EndProject
Project("{FAE04EC0-301F-11D3-BF4B-00C04F79EFBC}") = "TheIsland.Framework.Tests", "tests\TheIsland.Framework.Tests\TheIsland.Framework.Tests.csproj", "{C0B984B4-1ECF-4D91-A7C6-79D46E24ECE3}"
EndProject
Global
	GlobalSection(SolutionConfigurationPlatforms) = preSolution
		Debug|Any CPU = Debug|Any CPU
		Debug|x64 = Debug|x64
		Release|Any CPU = Release|Any CPU
		Release|x64 = Release|x64
	EndGlobalSection
	GlobalSection(ProjectConfigurationPlatforms) = postSolution
		{6109AC96-2A4D-4AEA-B91C-98AD1BE460B7}.Debug|Any CPU.ActiveCfg = Debug|x64
		{6109AC96-2A4D-4AEA-B91C-98AD1BE460B7}.Debug|Any CPU.Build.0 = Debug|x64
		{6109AC96-2A4D-4AEA-B91C-98AD1BE460B7}.Debug|x64.ActiveCfg = Debug|x64
		{6109AC96-2A4D-4AEA-B91C-98AD1BE460B7}.Debug|x64.Build.0 = Debug|x64
		{6109AC96-2A4D-4AEA-B91C-98AD1BE460B7}.Release|Any CPU.ActiveCfg = Release|x64
		{6109AC96-2A4D-4AEA-B91C-98AD1BE460B7}.Release|Any CPU.Build.0 = Release|x64
		{6109AC96-2A4D-4AEA-B91C-98AD1BE460B7}.Release|x64.ActiveCfg = Release|x64
		{6109AC96-2A4D-4AEA-B91C-98AD1BE460B7}.Release|x64.Build.0 = Release|x64
		{AFB0CFC6-322D-4869-BF2F-85EFDCD21CA6}.Debug|Any CPU.ActiveCfg = Debug|x64
		{AFB0CFC6-322D-4869-BF2F-85EFDCD21CA6}.Debug|Any CPU.Build.0 = Debug|x64
		{AFB0CFC6-322D-4869-BF2F-85EFDCD21CA6}.Debug|x64.ActiveCfg = Debug|x64
		{AFB0CFC6-322D-4869-BF2F-85EFDCD21CA6}.Debug|x64.Build.0 = Debug|x64
		{AFB0CFC6-322D-4869-BF2F-85EFDCD21CA6}.Release|Any CPU.ActiveCfg = Release|x64
		{AFB0CFC6-322D-4869-BF2F-85EFDCD21CA6}.Release|Any CPU.Build.0 = Release|x64
		{AFB0CFC6-322D-4869-BF2F-85EFDCD21CA6}.Release|x64.ActiveCfg = Release|x64
		{AFB0CFC6-322D-4869-BF2F-85EFDCD21CA6}.Release|x64.Build.0 = Release|x64
		{D4B2D2FA-5E63-4552-9ADF-E4DCF5A6BFB0}.Debug|Any CPU.ActiveCfg = Debug|x64
		{D4B2D2FA-5E63-4552-9ADF-E4DCF5A6BFB0}.Debug|Any CPU.Build.0 = Debug|x64
		{D4B2D2FA-5E63-4552-9ADF-E4DCF5A6BFB0}.Debug|x64.ActiveCfg = Debug|x64
		{D4B2D2FA-5E63-4552-9ADF-E4DCF5A6BFB0}.Debug|x64.Build.0 = Debug|x64
		{D4B2D2FA-5E63-4552-9ADF-E4DCF5A6BFB0}.Release|Any CPU.ActiveCfg = Release|x64
		{D4B2D2FA-5E63-4552-9ADF-E4DCF5A6BFB0}.Release|Any CPU.Build.0 = Release|x64
		{D4B2D2FA-5E63-4552-9ADF-E4DCF5A6BFB0}.Release|x64.ActiveCfg = Release|x64
		{D4B2D2FA-5E63-4552-9ADF-E4DCF5A6BFB0}.Release|x64.Build.0 = Release|x64
		{C4929600-1175-4018-AA51-B89E1BA1A1FF}.Debug|Any CPU.ActiveCfg = Debug|x64
		{C4929600-1175-4018-AA51-B89E1BA1A1FF}.Debug|Any CPU.Build.0 = Debug|x64
		{C4929600-1175-4018-AA51-B89E1BA1A1FF}.Debug|x64.ActiveCfg = Debug|x64
		{C4929600-1175-4018-AA51-B89E1BA1A1FF}.Debug|x64.Build.0 = Debug|x64
		{C4929600-1175-4018-AA51-B89E1BA1A1FF}.Release|Any CPU.ActiveCfg = Release|x64
		{C4929600-1175-4018-AA51-B89E1BA1A1FF}.Release|Any CPU.Build.0 = Release|x64
		{C4929600-1175-4018-AA51-B89E1BA1A1FF}.Release|x64.ActiveCfg = Release|x64
		{C4929600-1175-4018-AA51-B89E1BA1A1FF}.Release|x64.Build.0 = Release|x64
		{AAA18965-BF96-48E7-9BD4-C6CCDD58158A}.Debug|Any CPU.ActiveCfg = Debug|x64
		{AAA18965-BF96-48E7-9BD4-C6CCDD58158A}.Debug|Any CPU.Build.0 = Debug|x64
		{AAA18965-BF96-48E7-9BD4-C6CCDD58158A}.Debug|x64.ActiveCfg = Debug|x64
		{AAA18965-BF96-48E7-9BD4-C6CCDD58158A}.Debug|x64.Build.0 = Debug|x64
		{AAA18965-BF96-48E7-9BD4-C6CCDD58158A}.Release|Any CPU.ActiveCfg = Release|x64
		{AAA18965-BF96-48E7-9BD4-C6CCDD58158A}.Release|Any CPU.Build.0 = Release|x64
		{AAA18965-BF96-48E7-9BD4-C6CCDD58158A}.Release|x64.ActiveCfg = Release|x64
		{AAA18965-BF96-48E7-9BD4-C6CCDD58158A}.Release|x64.Build.0 = Release|x64
		{EE8C6755-383A-419C-88CB-B5213D22CA0A}.Debug|Any CPU.ActiveCfg = Debug|x64
		{EE8C6755-383A-419C-88CB-B5213D22CA0A}.Debug|Any CPU.Build.0 = Debug|x64
		{EE8C6755-383A-419C-88CB-B5213D22CA0A}.Debug|x64.ActiveCfg = Debug|x64
		{EE8C6755-383A-419C-88CB-B5213D22CA0A}.Debug|x64.Build.0 = Debug|x64
		{EE8C6755-383A-419C-88CB-B5213D22CA0A}.Release|Any CPU.ActiveCfg = Release|x64
		{EE8C6755-383A-419C-88CB-B5213D22CA0A}.Release|Any CPU.Build.0 = Release|x64
		{EE8C6755-383A-419C-88CB-B5213D22CA0A}.Release|x64.ActiveCfg = Release|x64
		{EE8C6755-383A-419C-88CB-B5213D22CA0A}.Release|x64.Build.0 = Release|x64
		{C0B984B4-1ECF-4D91-A7C6-79D46E24ECE3}.Debug|Any CPU.ActiveCfg = Debug|x64
		{C0B984B4-1ECF-4D91-A7C6-79D46E24ECE3}.Debug|Any CPU.Build.0 = Debug|x64
		{C0B984B4-1ECF-4D91-A7C6-79D46E24ECE3}.Debug|x64.ActiveCfg = Debug|x64
		{C0B984B4-1ECF-4D91-A7C6-79D46E24ECE3}.Debug|x64.Build.0 = Debug|x64
		{C0B984B4-1ECF-4D91-A7C6-79D46E24ECE3}.Release|Any CPU.ActiveCfg = Release|x64
		{C0B984B4-1ECF-4D91-A7C6-79D46E24ECE3}.Release|Any CPU.Build.0 = Release|x64
		{C0B984B4-1ECF-4D91-A7C6-79D46E24ECE3}.Release|x64.ActiveCfg = Release|x64
		{C0B984B4-1ECF-4D91-A7C6-79D46E24ECE3}.Release|x64.Build.0 = Release|x64
	EndGlobalSection
	GlobalSection(SolutionProperties) = preSolution
		HideSolutionNode = FALSE
	EndGlobalSection
	GlobalSection(NestedProjects) = preSolution
		{6109AC96-2A4D-4AEA-B91C-98AD1BE460B7} = {F691A8FA-85F8-4259-8F97-6122B6B3FD89}
		{AFB0CFC6-322D-4869-BF2F-85EFDCD21CA6} = {F691A8FA-85F8-4259-8F97-6122B6B3FD89}
		{D4B2D2FA-5E63-4552-9ADF-E4DCF5A6BFB0} = {F691A8FA-85F8-4259-8F97-6122B6B3FD89}
		{C4929600-1175-4018-AA51-B89E1BA1A1FF} = {F691A8FA-85F8-4259-8F97-6122B6B3FD89}
		{AAA18965-BF96-48E7-9BD4-C6CCDD58158A} = {F691A8FA-85F8-4259-8F97-6122B6B3FD89}
		{EE8C6755-383A-419C-88CB-B5213D22CA0A} = {F691A8FA-85F8-4259-8F97-6122B6B3FD89}
		{C0B984B4-1ECF-4D91-A7C6-79D46E24ECE3} = {1CEA582F-6727-46A2-85C1-87B70D79F371}
	EndGlobalSection
	GlobalSection(ExtensibilityGlobals) = postSolution
		SolutionGuid = {88279F31-9F19-42F0-B0B5-D931D8890D1D}
	EndGlobalSection
EndGlobal
